
Microsoft Visual Studio Solution File, Format Version 12.00
# Visual Studio for Mac
Project("{FAE04EC0-301F-11D3-BF4B-00C04F79EFBC}") = "New 2D Unity Project", "New 2D Unity Project.csproj", "{A39EBB9C-3C5E-B6E6-E528-EFC8CB58F9B1}"
EndProject
Global
	GlobalSection(SolutionConfigurationPlatforms) = preSolution
		Debug|Any CPU = Debug|Any CPU
		Release|Any CPU = Release|Any CPU
	EndGlobalSection
	GlobalSection(ProjectConfigurationPlatforms) = postSolution
		{A39EBB9C-3C5E-B6E6-E528-EFC8CB58F9B1}.Debug|Any CPU.ActiveCfg = Debug|Any CPU
		{A39EBB9C-3C5E-B6E6-E528-EFC8CB58F9B1}.Debug|Any CPU.Build.0 = Debug|Any CPU
		{A39EBB9C-3C5E-B6E6-E528-EFC8CB58F9B1}.Release|Any CPU.ActiveCfg = Release|Any CPU
		{A39EBB9C-3C5E-B6E6-E528-EFC8CB58F9B1}.Release|Any CPU.Build.0 = Release|Any CPU
	EndGlobalSection
	GlobalSection(SolutionProperties) = preSolution
		HideSolutionNode = FALSE
	EndGlobalSection
EndGlobal
